github.com/aquasecurity/libbpfgo v0.1.1 h1:j/ipxI/l20lu5Tosn0o9JYj7bD3Cwzi18jIEEu3rMvQ=
github.com/aquasecurity/libbpfgo v0.1.1/go.mod h1:/+clceXE103FaXvVTIY2HAkQjxNtkra4DRWvZYr2SKw=
github.com/aquasecurity/libbpfgo v0.9.2-libbpf-1.5.1.0.20250826165200-6296a7fa0a45 h1:AjGH0Y/gMhFu73Jr37RoBsIAPiaT8Ufm6LptyEiX6rw=
github.com/aquasecurity/libbpfgo v0.9.2-libbpf-1.5.1.0.20250826165200-6296a7fa0a45/go.mod h1:mKk/RxlMO0K2HqA4dGLBdfUsvwLYtNhPanHXFPYbw38=
github.com/aquasecurity/tracee/libbpfgo v0.0.0-20210518164823-94530727cde4 h1:46arhhxBEYn4SaVliz7bZwVGRrdYUbiVEYNW0kESnnY=
github.com/aquasecurity/tracee/libbpfgo v0.0.0-20210518164823-94530727cde4/go.mod h1:PgXimFYUSx0PfQFRIyl770Jowy6O3r7iJOr39dt1bss=
github.com/davecgh/go-spew v1.1.0/go.mod h1:J7Y8YcW2NihsgmVo/mv3lAwl/skON4iLHjSsI+c5H38=
github.com/pmezard/go-difflib v1.0.0/go.mod h1:iKH77koFhYxTK1pcRnkKkqfTogsbg7gZNVY4sRDYZ/4=
github.com/stretchr/objx v0.1.0/go.mod h1:HFkY916IF+rwdDfMAkV7OtwuqBVzrE8GR6GFx+wExME=
github.com/stretchr/testify v1.7.0/go.mod h1:6Fq8oRcR53rry900zMqJjRRixrwX3KX962/h/Wwjteg=
golang.org/x/sys v0.0.0-20210324051608-47abb6519492 h1:Paq34FxTluEPvVyayQqMPgHm+vTOrIifmcYxFBx9TLg=
golang.org/x/sys v0.0.0-20210324051608-47abb6519492/go.mod h1:h1NjWce9XRLGQEsW7wpKNCjG9DtNlClVuFLEZdDNbEs=
golang.org/x/sys v0.0.0-20210514084401-e8d321eab015 h1:hZR0X1kPW+nwyJ9xRxqZk1vx5RUObAPBdKVvXPDUH/E=
golang.org/x/sys v0.0.0-20210514084401-e8d321eab015/go.mod h1:oPkhp1MJrh7nUepCBck5+mAzfO9JrbApNNgaTdGDITg=
gopkg.in/check.v1 v0.0.0-20161208181325-20d25e280405/go.mod h1:Co6ibVJAznAaIkqp8huTwlJQCZ016jof/cbN4VW5Yz0=
gopkg.in/yaml.v3 v3.0.0-20200313102051-9f266ea9e77c/go.mod h1:K4uyk7z7BCEPqu6E+C64Yfv1cQ7kz7rIZviUmN+EgEM=
